{
  "name": "ng-rest-http",
  "version": "1.1.1",
  "lockfileVersion": 1,
  "requires": true,
  "dependencies": {
    "@angular/common": {
      "version": "6.0.3",
      "resolved": "https://registry.npmjs.org/@angular/common/-/common-6.0.3.tgz",
      "integrity": "sha512-tqEYeEXoaw2kzSUfTrmC3ruJ87trS61SHayIf56f/jtEVn+4pbgJDTNvLSnB6QEaMTn7sX6QBroauMWmdTVSvA==",
      "requires": {
        "tslib": "1.9.1"
      }
    },
    "@angular/compiler": {
      "version": "6.0.3",
      "resolved": "https://registry.npmjs.org/@angular/compiler/-/compiler-6.0.3.tgz",
      "integrity": "sha512-nS65UI6f7grs2k+ggtkwXSBUQ1D/LVSFfXjWR5olxATx25QbIKABec90JphPE4FfhhVm1uonQ/vaSVCjh83Euw==",
      "requires": {
        "tslib": "1.9.1"
      }
    },
    "@angular/core": {
      "version": "6.0.3",
      "resolved": "https://registry.npmjs.org/@angular/core/-/core-6.0.3.tgz",
      "integrity": "sha512-YJk0kS/V9C2JFKMHfiw6TNxmfkYWGW4HzqGOm/VoPkvj9O4Erkz/OtOOc8hYGmXFmQz1UpOAByzY2XIlEi72XQ==",
      "requires": {
        "tslib": "1.9.1"
      }
    },
    "@angular/http": {
      "version": "6.0.3",
      "resolved": "https://registry.npmjs.org/@angular/http/-/http-6.0.3.tgz",
      "integrity": "sha512-9GF4hEsm/mK/kk+skn1y54IpsSGcgGnFxHctEFSSyUKTub9gFirkbuLOx9T9fXIKtXqCxnXolHCE7ncfOfS7GA==",
      "requires": {
        "tslib": "1.9.1"
      }
    },
    "rxjs": {
      "version": "6.2.0",
      "resolved": "https://registry.npmjs.org/rxjs/-/rxjs-6.2.0.tgz",
      "integrity": "sha512-qBzf5uu6eOKiCZuAE0SgZ0/Qp+l54oeVxFfC2t+mJ2SFI6IB8gmMdJHs5DUMu5kqifqcCtsKS2XHjhZu6RKvAw==",
      "requires": {
        "tslib": "1.9.1"
      }
    },
    "tslib": {
      "version": "1.9.1",
      "resolved": "https://registry.npmjs.org/tslib/-/tslib-1.9.1.tgz",
      "integrity": "sha512-avfPS28HmGLLc2o4elcc2EIq2FcH++Yo5YxpBZi9Yw93BCTGFthI4HPE4Rpep6vSYQaK8e69PelM44tPj+RaQg=="
    }
  }
}
